
Microsoft Visual Studio Solution File, Format Version 12.00
# Visual Studio Version 16
VisualStudioVersion = 16.0.30804.86
MinimumVisualStudioVersion = 10.0.40219.1
Project("{9A19103F-16F7-4668-BE54-9A1E7A4F7556}") = "snake", "CsharpLearn\snake.csproj", "{6726B6DF-AF4E-4473-9377-6F5B08408F5E}"
EndProject
Project("{9A19103F-16F7-4668-BE54-9A1E7A4F7556}") = "tic tac toe", "tic tac toe\tic tac toe.csproj", "{2FA2B5D8-7B75-419E-B053-C29A795E03DF}"
EndProject
Project("{9A19103F-16F7-4668-BE54-9A1E7A4F7556}") = "tetris", "tetris\tetris.csproj", "{9F010C63-65CA-4DC5-B56D-E66776EDEF3D}"
EndProject
Project("{FAE04EC0-301F-11D3-BF4B-00C04F79EFBC}") = "chess", "chess\chess.csproj", "{1E5EFC71-341D-42E7-AFD2-257A9A0FC115}"
EndProject
Global
	GlobalSection(SolutionConfigurationPlatforms) = preSolution
		Debug|Any CPU = Debug|Any CPU
		Release|Any CPU = Release|Any CPU
	EndGlobalSection
	GlobalSection(ProjectConfigurationPlatforms) = postSolution
		{6726B6DF-AF4E-4473-9377-6F5B08408F5E}.Debug|Any CPU.ActiveCfg = Debug|Any CPU
		{6726B6DF-AF4E-4473-9377-6F5B08408F5E}.Debug|Any CPU.Build.0 = Debug|Any CPU
		{6726B6DF-AF4E-4473-9377-6F5B08408F5E}.Release|Any CPU.ActiveCfg = Release|Any CPU
		{6726B6DF-AF4E-4473-9377-6F5B08408F5E}.Release|Any CPU.Build.0 = Release|Any CPU
		{2FA2B5D8-7B75-419E-B053-C29A795E03DF}.Debug|Any CPU.ActiveCfg = Debug|Any CPU
		{2FA2B5D8-7B75-419E-B053-C29A795E03DF}.Debug|Any CPU.Build.0 = Debug|Any CPU
		{2FA2B5D8-7B75-419E-B053-C29A795E03DF}.Release|Any CPU.ActiveCfg = Release|Any CPU
		{2FA2B5D8-7B75-419E-B053-C29A795E03DF}.Release|Any CPU.Build.0 = Release|Any CPU
		{9F010C63-65CA-4DC5-B56D-E66776EDEF3D}.Debug|Any CPU.ActiveCfg = Debug|Any CPU
		{9F010C63-65CA-4DC5-B56D-E66776EDEF3D}.Debug|Any CPU.Build.0 = Debug|Any CPU
		{9F010C63-65CA-4DC5-B56D-E66776EDEF3D}.Release|Any CPU.ActiveCfg = Release|Any CPU
		{9F010C63-65CA-4DC5-B56D-E66776EDEF3D}.Release|Any CPU.Build.0 = Release|Any CPU
		{1E5EFC71-341D-42E7-AFD2-257A9A0FC115}.Debug|Any CPU.ActiveCfg = Debug|Any CPU
		{1E5EFC71-341D-42E7-AFD2-257A9A0FC115}.Debug|Any CPU.Build.0 = Debug|Any CPU
		{1E5EFC71-341D-42E7-AFD2-257A9A0FC115}.Release|Any CPU.ActiveCfg = Release|Any CPU
		{1E5EFC71-341D-42E7-AFD2-257A9A0FC115}.Release|Any CPU.Build.0 = Release|Any CPU
	EndGlobalSection
	GlobalSection(SolutionProperties) = preSolution
		HideSolutionNode = FALSE
	EndGlobalSection
	GlobalSection(ExtensibilityGlobals) = postSolution
		SolutionGuid = {01B2DE2E-8A80-4A9E-8939-341C652784FD}
	EndGlobalSection
EndGlobal
